github.com/cenkalti/backoff v2.1.0+incompatible h1:FIRvWBZrzS4YC7NT5cOuZjexzFvIr+Dbi6aD1cZaNBk=
github.com/cenkalti/backoff v2.1.0+incompatible/go.mod h1:90ReRw6GdpyfrHakVjL/QHaoyV4aDUVVkXQJJJ3NXXM=
github.com/cenkalti/backoff v2.2.1+incompatible h1:tNowT99t7UNflLxfYYSlKYsBpXdEet03Pg2g16Swow4=
github.com/cenkalti/backoff v2.2.1+incompatible/go.mod h1:90ReRw6GdpyfrHakVjL/QHaoyV4aDUVVkXQJJJ3NXXM=
github.com/davecgh/go-spew v1.1.0 h1:ZDRjVQ15GmhC3fiQ8ni8+OwkZQO4DARzQgrnXU1Liz8=
github.com/davecgh/go-spew v1.1.0/go.mod h1:J7Y8YcW2NihsgmVo/mv3lAwl/skON4iLHjSsI+c5H38=
github.com/disintegration/imaging v1.6.2 h1:w1LecBlG2Lnp8B3jk5zSuNqd7b4DXhcjwek1ei82L+c=
github.com/disintegration/imaging v1.6.2/go.mod h1:44/5580QXChDfwIclfc/PCwrr44amcmDAg8hxG0Ewe4=
github.com/go-test/deep v1.0.1 h1:UQhStjbkDClarlmv0am7OXXO4/GaPdCGiUiMTvi28sg=
github.com/go-test/deep v1.0.1/go.mod h1:wGDj63lr65AM2AQyKZd/NYHGb0R+1RLqB8NKt3aSFNA=
github.com/grandcat/zeroconf v0.0.0-20181220215047-ce4c7efa4b6b h1:23wAgAASeetTpuXtGnLUWNXkS+RSclWP+Is1oyt5K5c=
github.com/grandcat/zeroconf v0.0.0-20181220215047-ce4c7efa4b6b/go.mod h1:YjKB0WsLXlMkO9p+wGTCoPIDGRJH0mz7E526PxkQVxI=
github.com/grandcat/zeroconf v0.0.0-20190424104450-85eadb44205c h1:svzQzfVE9t7Y1CGULS5PsMWs4/H4Au/ZTJzU/0CKgqc=
github.com/grandcat/zeroconf v0.0.0-20190424104450-85eadb44205c/go.mod h1:YjKB0WsLXlMkO9p+wGTCoPIDGRJH0mz7E526PxkQVxI=
github.com/laenzlinger/go-midi-rtp v0.0.0-20190114211124-e82d107ab3cd h1:+I+p/IpI9VKIMZIOWqgUvMbaCHxtSN1IEg3W+KEf9bE=
github.com/laenzlinger/go-midi-rtp v0.0.0-20190114211124-e82d107ab3cd/go.mod h1:f4SS7qLA+giFbKH/yIpEsFKnAeHABRoOTvAXe7FUr0Y=
github.com/laenzlinger/go-midi-rtp v0.0.0-20190120111416-40c278365844 h1:pH6WYQZklaG/UsUT3IvOw8fR8snWlbLRucZ7X4cL1F8=
github.com/laenzlinger/go-midi-rtp v0.0.0-20190120111416-40c278365844/go.mod h1:f4SS7qLA+giFbKH/yIpEsFKnAeHABRoOTvAXe7FUr0Y=
github.com/miekg/dns v1.1.1 h1:DVkblRdiScEnEr0LR9nTnEQqHYycjkXW9bOjd+2EL2o=
github.com/miekg/dns v1.1.1/go.mod h1:W1PPwlIAgtquWBMBEV9nkV9Cazfe8ScdGz/Lj7v3Nrg=
github.com/miekg/dns v1.1.22 h1:Jm64b3bO9kP43ddLjL2EY3Io6bmy1qGb9Xxz6TqS6rc=
github.com/miekg/dns v1.1.22/go.mod h1:bPDLeHnStXmXAq1m/Ch/hvfNHr14JKNPMBo3VZKjuso=
github.com/pbnjay/pixfont v0.0.0-20171109033744-80412ecf517a h1:eBvyX54eQAhZWBG/Ng67vhLILaWaf9ZFqnvQZRkihXc=
github.com/pbnjay/pixfont v0.0.0-20171109033744-80412ecf517a/go.mod h1:wG8B9TIIBxEYqwgBb9NEs/Gz5/ywV351SGZXRiVJJUA=
github.com/pbnjay/pixfont v0.0.0-20190130005054-401bb7c6aee2 h1:Px7Nfku7x0pH6r2G+RlLI5AnXefcH2BAenMxDpZZfIs=
github.com/pbnjay/pixfont v0.0.0-20190130005054-401bb7c6aee2/go.mod h1:wG8B9TIIBxEYqwgBb9NEs/Gz5/ywV351SGZXRiVJJUA=
github.com/pmezard/go-difflib v1.0.0 h1:4DBwDE0NGyQoBHbLQYPwSUPoCMWR5BEzIk/f1lZbAQM=
github.com/pmezard/go-difflib v1.0.0/go.mod h1:iKH77koFhYxTK1pcRnkKkqfTogsbg7gZNVY4sRDYZ/4=
github.com/stretchr/objx v0.1.0/go.mod h1:HFkY916IF+rwdDfMAkV7OtwuqBVzrE8GR6GFx+wExME=
github.com/stretchr/testify v1.3.0 h1:TivCn/peBQ7UY8ooIcPgZFpTNSz0Q2U6UrFlUfqbe0Q=
github.com/stretchr/testify v1.3.0/go.mod h1:M5WIy9Dh21IEIfnGCwXGc5bZfKNJtfHm1UVUgZn+9EI=
golang.org/x/crypto v0.0.0-20190102171810-8d7daa0c54b3 h1:35ZwriXqdZtBGoFgUpW71Z7xz5o23fRpWHFAO2PlnIA=
golang.org/x/crypto v0.0.0-20190102171810-8d7daa0c54b3/go.mod h1:6SG95UA2DQfeDnfUPMdvaQW0Q7yPrPDi9nlGo2tz2b4=
golang.org/x/crypto v0.0.0-20190308221718-c2843e01d9a2/go.mod h1:djNgcEr1/C05ACkg1iLfiJU5Ep61QUkGW8qpdssI0+w=
golang.org/x/crypto v0.0.0-20190923035154-9ee001bba392/go.mod h1:/lpIB1dKB+9EgE3H3cr1v9wB50oz8l4C4h62xy7jSTY=
golang.org/x/crypto v0.0.0-20191119213627-4f8c1d86b1ba h1:9bFeDpN3gTqNanMVqNcoR/pJQuP5uroC3t1D7eXozTE=
golang.org/x/crypto v0.0.0-20191119213627-4f8c1d86b1ba/go.mod h1:LzIPMQfyMNhhGPhUkYOs5KpL4U8rLKemX1yGLhDgUto=
golang.org/x/image v0.0.0-20191009234506-e7c1f5e7dbb8 h1:hVwzHzIUGRjiF7EcUjqNxk3NCfkPxbDKRdnNE1Rpg0U=
golang.org/x/image v0.0.0-20191009234506-e7c1f5e7dbb8/go.mod h1:FeLwcggjj3mMvU+oOTbSwawSJRM1uh48EjtB4UJZlP0=
golang.org/x/net v0.0.0-20181220203305-927f97764cc3 h1:eH6Eip3UpmR+yM/qI9Ijluzb1bNv/cAU/n+6l8tRSis=
golang.org/x/net v0.0.0-20181220203305-927f97764cc3/go.mod h1:mL1N/T3taQHkDXs73rZJwtUhF3w3ftmwwsq0BUmARs4=
golang.org/x/net v0.0.0-20190404232315-eb5bcb51f2a3/go.mod h1:t9HGtf8HONx5eT2rtn7q6eTqICYqUVnKs3thJo3Qplg=
golang.org/x/net v0.0.0-20190620200207-3b0461eec859/go.mod h1:z5CRVTTTmAJ677TzLLGU+0bjPO0LkuOLi4/5GtJWs/s=
golang.org/x/net v0.0.0-20190923162816-aa69164e4478/go.mod h1:z5CRVTTTmAJ677TzLLGU+0bjPO0LkuOLi4/5GtJWs/s=
golang.org/x/net v0.0.0-20191119073136-fc4aabc6c914 h1:MlY3mEfbnWGmUi4rtHOtNnnnN4UJRGSyLPx+DXA5Sq4=
golang.org/x/net v0.0.0-20191119073136-fc4aabc6c914/go.mod h1:z5CRVTTTmAJ677TzLLGU+0bjPO0LkuOLi4/5GtJWs/s=
golang.org/x/sync v0.0.0-20181221193216-37e7f081c4d4 h1:YUO/7uOKsKeq9UokNS62b8FYywz3ker1l1vDZRCRefw=
golang.org/x/sync v0.0.0-20181221193216-37e7f081c4d4/go.mod h1:RxMgew5VJxzue5/jJTE5uejpjVlOe/izrB70Jof72aM=
golang.org/x/sync v0.0.0-20190423024810-112230192c58/go.mod h1:RxMgew5VJxzue5/jJTE5uejpjVlOe/izrB70Jof72aM=
golang.org/x/sys v0.0.0-20190102155601-82a175fd1598 h1:S8GOgffXV1X3fpVG442QRfWOt0iFl79eHJ7OPt725bo=
golang.org/x/sys v0.0.0-20190102155601-82a175fd1598/go.mod h1:STP8DvDyc/dI5b8T5hshtkjS+E42TnysNCUPdjciGhY=
golang.org/x/sys v0.0.0-20190215142949-d0b11bdaac8a/go.mod h1:STP8DvDyc/dI5b8T5hshtkjS+E42TnysNCUPdjciGhY=
golang.org/x/sys v0.0.0-20190412213103-97732733099d/go.mod h1:h1NjWce9XRLGQEsW7wpKNCjG9DtNlClVuFLEZdDNbEs=
golang.org/x/sys v0.0.0-20190922100055-0a153f010e69/go.mod h1:h1NjWce9XRLGQEsW7wpKNCjG9DtNlClVuFLEZdDNbEs=
golang.org/x/sys v0.0.0-20190924154521-2837fb4f24fe/go.mod h1:h1NjWce9XRLGQEsW7wpKNCjG9DtNlClVuFLEZdDNbEs=
golang.org/x/sys v0.0.0-20191120155948-bd437916bb0e h1:N7DeIrjYszNmSW409R3frPPwglRwMkXSBzwVbkOjLLA=
golang.org/x/sys v0.0.0-20191120155948-bd437916bb0e/go.mod h1:h1NjWce9XRLGQEsW7wpKNCjG9DtNlClVuFLEZdDNbEs=
golang.org/x/text v0.3.0/go.mod h1:NqM8EUOU14njkJ3fqMW+pc6Ldnwhi/IjpwHt7yyuwOQ=
golang.org/x/text v0.3.2/go.mod h1:bEr9sfX3Q8Zfm5fL9x+3itogRgK3+ptLWKqgva+5dAk=
golang.org/x/tools v0.0.0-20180917221912-90fa682c2a6e/go.mod h1:n7NCudcB/nEzxVGmLbDWY5pfWTLqBcC2KZ6jyYvM4mQ=
golang.org/x/tools v0.0.0-20190907020128-2ca718005c18/go.mod h1:b+2E5dAYhXwXZwtnZ6UAqBI28+e2cm9otk0dWdXHAEo=
golang.org/x/xerrors v0.0.0-20190717185122-a985d3407aa7/go.mod h1:I/5z698sn9Ka8TeJc9MKroUUfqBBauWjQqLJ2OPfmY0=
periph.io/x/periph v3.4.0+incompatible h1:5gzxE4ryPq52cdqSw0mErR6pyJK8cBF2qdUAcOWh0bo=
periph.io/x/periph v3.4.0+incompatible/go.mod h1:EWr+FCIU2dBWz5/wSWeiIUJTriYv9v2j2ENBmgYyy7Y=
periph.io/x/periph v3.6.2+incompatible h1:B9vqhYVuhKtr6bXua8N9GeBEvD7yanczCvE0wU2LEqw=
periph.io/x/periph v3.6.2+incompatible/go.mod h1:EWr+FCIU2dBWz5/wSWeiIUJTriYv9v2j2ENBmgYyy7Y=
