# This file is autogenerated, do not edit; changes may be undone by the next 'dep ensure'.


[[projects]]
  digest = "1:8c8d711861b710d07d0581b0824fb053db101d268d074bb9884c7898a8c8c9b3"
  name = "github.com/warthog618/gpio"
  packages = ["."]
  pruneopts = "UT"
  revision = "6cc7894a607550b67d52c7d44e0aacd9a784948b"
  version = "v0.2.0"

[[projects]]
  branch = "master"
  digest = "1:5b7594f7c43cb5fc8f31c3f4a9f6a61ee798dbd5fcb36b70cb3d4780aad4c509"
  name = "golang.org/x/sys"
  packages = ["unix"]
  pruneopts = "UT"
  revision = "9a3f9b0469bbc6b8802087ae5c0af9f61502de01"

[solve-meta]
  analyzer-name = "dep"
  analyzer-version = 1
  input-imports = ["github.com/warthog618/gpio"]
  solver-name = "gps-cdcl"
  solver-version = 1
